
Microsoft Visual Studio Solution File, Format Version 12.00
# Visual Studio Version 17
VisualStudioVersion = 17.9.34607.119
MinimumVisualStudioVersion = 10.0.40219.1
Project("{9A19103F-16F7-4668-BE54-9A1E7A4F7556}") = "SocketServer", "SocketServer\SocketServer.csproj", "{28DB66F6-ED1D-41AC-96BC-392D197F66FA}"
EndProject
Global
	GlobalSection(SolutionConfigurationPlatforms) = preSolution
		Debug|Any CPU = Debug|Any CPU
		Release|Any CPU = Release|Any CPU
	EndGlobalSection
	GlobalSection(ProjectConfigurationPlatforms) = postSolution
		{28DB66F6-ED1D-41AC-96BC-392D197F66FA}.Debug|Any CPU.ActiveCfg = Debug|Any CPU
		{28DB66F6-ED1D-41AC-96BC-392D197F66FA}.Debug|Any CPU.Build.0 = Debug|Any CPU
		{28DB66F6-ED1D-41AC-96BC-392D197F66FA}.Release|Any CPU.ActiveCfg = Release|Any CPU
		{28DB66F6-ED1D-41AC-96BC-392D197F66FA}.Release|Any CPU.Build.0 = Release|Any CPU
	EndGlobalSection
	GlobalSection(SolutionProperties) = preSolution
		HideSolutionNode = FALSE
	EndGlobalSection
	GlobalSection(ExtensibilityGlobals) = postSolution
		SolutionGuid = {F81B0A40-D45C-44B7-8CBB-7AB2EF12ADD7}
	EndGlobalSection
EndGlobal
